
Microsoft Visual Studio Solution File, Format Version 12.00
# Visual Studio Version 17
VisualStudioVersion = 17.11.35312.102
MinimumVisualStudioVersion = 10.0.40219.1
Project("{FAE04EC0-301F-11D3-BF4B-00C04F79EFBC}") = "TextRPG", "TextRPG\TextRPG.csproj", "{4A0F5D54-B5D1-4D2B-A229-9C91E967033F}"
EndProject
Global
	GlobalSection(SolutionConfigurationPlatforms) = preSolution
		Debug|Any CPU = Debug|Any CPU
		Release|Any CPU = Release|Any CPU
	EndGlobalSection
	GlobalSection(ProjectConfigurationPlatforms) = postSolution
		{4A0F5D54-B5D1-4D2B-A229-9C91E967033F}.Debug|Any CPU.ActiveCfg = Debug|Any CPU
		{4A0F5D54-B5D1-4D2B-A229-9C91E967033F}.Debug|Any CPU.Build.0 = Debug|Any CPU
		{4A0F5D54-B5D1-4D2B-A229-9C91E967033F}.Release|Any CPU.ActiveCfg = Release|Any CPU
		{4A0F5D54-B5D1-4D2B-A229-9C91E967033F}.Release|Any CPU.Build.0 = Release|Any CPU
	EndGlobalSection
	GlobalSection(SolutionProperties) = preSolution
		HideSolutionNode = FALSE
	EndGlobalSection
	GlobalSection(ExtensibilityGlobals) = postSolution
		SolutionGuid = {3AD59594-1A75-486F-8653-73B28F16D448}
	EndGlobalSection
EndGlobal
